
Microsoft Visual Studio Solution File, Format Version 12.00
# Visual Studio Version 16
VisualStudioVersion = 16.0.31613.86
MinimumVisualStudioVersion = 10.0.40219.1
Project("{8BC9CEB8-8B4A-11D0-8D11-00A0C91BC942}") = "RichedHtml", "RichedHtml\RichedHtml.vcxproj", "{0B8DA727-B086-4696-B8B2-246448D4C35D}"
EndProject
Global
	GlobalSection(SolutionConfigurationPlatforms) = preSolution
		Debug|x64 = Debug|x64
		Release|x64 = Release|x64
	EndGlobalSection
	GlobalSection(ProjectConfigurationPlatforms) = postSolution
		{0B8DA727-B086-4696-B8B2-246448D4C35D}.Debug|x64.ActiveCfg = Debug|x64
		{0B8DA727-B086-4696-B8B2-246448D4C35D}.Debug|x64.Build.0 = Debug|x64
		{0B8DA727-B086-4696-B8B2-246448D4C35D}.Release|x64.ActiveCfg = Release|x64
		{0B8DA727-B086-4696-B8B2-246448D4C35D}.Release|x64.Build.0 = Release|x64
	EndGlobalSection
	GlobalSection(SolutionProperties) = preSolution
		HideSolutionNode = FALSE
	EndGlobalSection
	GlobalSection(ExtensibilityGlobals) = postSolution
		SolutionGuid = {5A2D4D2A-DE8F-4E90-A3AA-7E5B9ACD8806}
	EndGlobalSection
EndGlobal
